
Microsoft Visual Studio Solution File, Format Version 12.00
# Visual Studio Version 17
VisualStudioVersion = 17.2.32526.322
MinimumVisualStudioVersion = 10.0.40219.1
Project("{FAE04EC0-301F-11D3-BF4B-00C04F79EFBC}") = "SeaBattle", "SeaBattle\SeaBattle.csproj", "{79DFCD7E-F483-438B-BE71-8B8967FF0A0D}"
EndProject
Global
	GlobalSection(SolutionConfigurationPlatforms) = preSolution
		Debug|Any CPU = Debug|Any CPU
		Release|Any CPU = Release|Any CPU
	EndGlobalSection
	GlobalSection(ProjectConfigurationPlatforms) = postSolution
		{79DFCD7E-F483-438B-BE71-8B8967FF0A0D}.Debug|Any CPU.ActiveCfg = Debug|Any CPU
		{79DFCD7E-F483-438B-BE71-8B8967FF0A0D}.Debug|Any CPU.Build.0 = Debug|Any CPU
		{79DFCD7E-F483-438B-BE71-8B8967FF0A0D}.Release|Any CPU.ActiveCfg = Release|Any CPU
		{79DFCD7E-F483-438B-BE71-8B8967FF0A0D}.Release|Any CPU.Build.0 = Release|Any CPU
	EndGlobalSection
	GlobalSection(SolutionProperties) = preSolution
		HideSolutionNode = FALSE
	EndGlobalSection
	GlobalSection(ExtensibilityGlobals) = postSolution
		SolutionGuid = {3F81C498-49FF-4833-886D-46AE14F74ED4}
	EndGlobalSection
EndGlobal
